{"1.2.0",
[{<<"bbmustache">>,{pkg,<<"bbmustache">>,<<"1.12.2">>},0},
 {<<"erlang_color">>,{pkg,<<"erlang_color">>,<<"2.0.0">>},0},
 {<<"lfe">>,{pkg,<<"lfe">>,<<"2.2.0">>},0},
 {<<"mnkv">>,{pkg,<<"mnkv">>,<<"0.1.0">>},0},
 {<<"msgpack">>,{pkg,<<"msgpack">>,<<"0.8.1">>},1},
 {<<"ranch">>,{pkg,<<"ranch">>,<<"2.1.0">>},0}]}.
[
{pkg_hash,[
 {<<"bbmustache">>, <<"0CABDCE0DB9FE6D3318131174B9F2B351328A4C0AFBEB3E6E99BB0E02E9B621D">>},
 {<<"erlang_color">>, <<"7F702651E3042EB9C48EDC18672EE810FB4D0787CF155C9F4947B457EDBD3EA7">>},
 {<<"lfe">>, <<"BC64671F39551E05442B51134D35B1A5392E2A7F766881AFC2215FAF1BDB64AA">>},
 {<<"mnkv">>, <<"CBA276F141C542662F18D29FFB8C6CAD8BE12D82726EFFCACC980E415979DA96">>},
 {<<"msgpack">>, <<"DEB35C13291EAFE56AD9870374C2EAA92323DC5503D50432EBCAF47052E6D343">>},
 {<<"ranch">>, <<"2261F9ED9574DCFCC444106B9F6DA155E6E540B2F82BA3D42B339B93673B72A3">>}]},
{pkg_hash_ext,[
 {<<"bbmustache">>, <<"688B33A4D5CC2D51F575ADF0B3683FC40A38314A2F150906EDCFC77F5B577B3B">>},
 {<<"erlang_color">>, <<"7A69C3DFD9286DE6051FA7D54089FFC23702F3B85430A345AFB68070F9FD6C13">>},
 {<<"lfe">>, <<"C09223CC0BF3EC120B791371F6AA3F10CD5A1D1FEEB43FB08B3F4A31D6717749">>},
 {<<"mnkv">>, <<"331E5F26DE890BC3F128AFBB2FA78DD2AC341BD414473A7402A2663CAF7EA8AC">>},
 {<<"msgpack">>, <<"04D9A75BC6F4BED8627EE1E7AA9DF37601F510FDC786A84FE932BB21D765565F">>},
 {<<"ranch">>, <<"244EE3FA2A6175270D8E1FC59024FD9DBC76294A321057DE8F803B1479E76916">>}]}
].
